CommitRegistered(address,bytes32,uint256)
CommitCleared(address,bytes32,bool)
AnchorSubmittedDetailed(uint256,bytes32,bytes32,uint256,address,uint256)
AnchorFrozen()
RollingHashUpdated(bytes32,uint256)
CommitterSet(address,bool)
CommitGatingUpdated(bool)
RevealGatingUpdated(bool)
RevealerSet(address,bool)
